<?xml version="1.0" encoding="utf-8"?>
<Project ToolsVersion="4.0" xmlns="http://schemas.microsoft.com/developer/msbuild/2003">
  <ItemGroup>
    <ClCompile Include="main.cpp">
      <Filter>CPPfiles</Filter>
    </ClCompile>
    <ClCompile Include="matrix.cpp">
      <Filter>CPPfiles</Filter>
    </ClCompile>
    <ClCompile Include="Sorter.cpp">
      <Filter>CPPfiles</Filter>
    </ClCompile>
    <ClCompile Include="Loader.cpp">
      <Filter>CPPfiles</Filter>
    </ClCompile>
  </ItemGroup>
  <ItemGroup>
    <ClInclude Include="Exceptions.h">
      <Filter>Headers</Filter>
    </ClInclude>
    <ClInclude Include="Loader.h">
      <Filter>Headers</Filter>
    </ClInclude>
    <ClInclude Include="Matrix.h">
      <Filter>Headers</Filter>
    </ClInclude>
    <ClInclude Include="Sorter.h">
      <Filter>Headers</Filter>
    </ClInclude>
    <ClInclude Include="Vector.h">
      <Filter>Headers</Filter>
    </ClInclude>
    <ClInclude Include="PCH.h">
      <Filter>Headers</Filter>
    </ClInclude>
  </ItemGroup>
  <ItemGroup>
    <Filter Include="CPPfiles">
      <UniqueIdentifier>{78d1527d-7462-4ca5-9b00-a6ab84de1d4e}</UniqueIdentifier>
    </Filter>
    <Filter Include="Headers">
      <UniqueIdentifier>{271e80f3-551a-4ce0-bbc1-69b1e78eef92}</UniqueIdentifier>
    </Filter>
  </ItemGroup>
  <ItemGroup>
    <None Include="ClassDiagram.cd" />
  </ItemGroup>
</Project>